
Microsoft Visual Studio Solution File, Format Version 12.00
# Visual Studio Version 17
VisualStudioVersion = 17.9.34701.34
MinimumVisualStudioVersion = 10.0.40219.1
Project("{FAE04EC0-301F-11D3-BF4B-00C04F79EFBC}") = "APIDHP", "APIDHP\APIDHP.csproj", "{8E13ACC0-4337-4794-B8E0-6B3BB41F0E98}"
EndProject
Global
	GlobalSection(SolutionConfigurationPlatforms) = preSolution
		Debug|Any CPU = Debug|Any CPU
		Release|Any CPU = Release|Any CPU
	EndGlobalSection
	GlobalSection(ProjectConfigurationPlatforms) = postSolution
		{8E13ACC0-4337-4794-B8E0-6B3BB41F0E98}.Debug|Any CPU.ActiveCfg = Debug|Any CPU
		{8E13ACC0-4337-4794-B8E0-6B3BB41F0E98}.Debug|Any CPU.Build.0 = Debug|Any CPU
		{8E13ACC0-4337-4794-B8E0-6B3BB41F0E98}.Release|Any CPU.ActiveCfg = Release|Any CPU
		{8E13ACC0-4337-4794-B8E0-6B3BB41F0E98}.Release|Any CPU.Build.0 = Release|Any CPU
	EndGlobalSection
	GlobalSection(SolutionProperties) = preSolution
		HideSolutionNode = FALSE
	EndGlobalSection
	GlobalSection(ExtensibilityGlobals) = postSolution
		SolutionGuid = {24B624ED-C089-448A-BBFF-78AEF3CEB999}
	EndGlobalSection
EndGlobal
